
Microsoft Visual Studio Solution File, Format Version 12.00
# Visual Studio 15
VisualStudioVersion = 15.0.27703.2000
MinimumVisualStudioVersion = 10.0.40219.1
Project("{151D2E53-A2C4-4D7D-83FE-D05416EBD58E}") = "LogicAppFromAzureSQLTrigger", "LogicAppFromAzureSQLTrigger\LogicAppFromAzureSQLTrigger.deployproj", "{661DD7D5-E0CE-4A6C-98EA-AB6B926DA6F0}"
EndProject
Global
	GlobalSection(SolutionConfigurationPlatforms) = preSolution
		Debug|Any CPU = Debug|Any CPU
		Release|Any CPU = Release|Any CPU
	EndGlobalSection
	GlobalSection(ProjectConfigurationPlatforms) = postSolution
		{661DD7D5-E0CE-4A6C-98EA-AB6B926DA6F0}.Debug|Any CPU.ActiveCfg = Debug|Any CPU
		{661DD7D5-E0CE-4A6C-98EA-AB6B926DA6F0}.Debug|Any CPU.Build.0 = Debug|Any CPU
		{661DD7D5-E0CE-4A6C-98EA-AB6B926DA6F0}.Release|Any CPU.ActiveCfg = Release|Any CPU
		{661DD7D5-E0CE-4A6C-98EA-AB6B926DA6F0}.Release|Any CPU.Build.0 = Release|Any CPU
	EndGlobalSection
	GlobalSection(SolutionProperties) = preSolution
		HideSolutionNode = FALSE
	EndGlobalSection
	GlobalSection(ExtensibilityGlobals) = postSolution
		SolutionGuid = {339DD953-4EC1-473D-AE85-E5D031D41D60}
	EndGlobalSection
EndGlobal
